
Microsoft Visual Studio Solution File, Format Version 12.00
# Visual Studio Version 17
VisualStudioVersion = 17.8.34004.107
MinimumVisualStudioVersion = 10.0.40219.1
Project("{FAE04EC0-301F-11D3-BF4B-00C04F79EFBC}") = "DemoIcons", "DemoIcons\DemoIcons.csproj", "{94AA24D2-0168-4132-8A79-EA4BB785099A}"
EndProject
Global
	GlobalSection(SolutionConfigurationPlatforms) = preSolution
		Debug|Any CPU = Debug|Any CPU
		Release|Any CPU = Release|Any CPU
	EndGlobalSection
	GlobalSection(ProjectConfigurationPlatforms) = postSolution
		{94AA24D2-0168-4132-8A79-EA4BB785099A}.Debug|Any CPU.ActiveCfg = Debug|Any CPU
		{94AA24D2-0168-4132-8A79-EA4BB785099A}.Debug|Any CPU.Build.0 = Debug|Any CPU
		{94AA24D2-0168-4132-8A79-EA4BB785099A}.Debug|Any CPU.Deploy.0 = Debug|Any CPU
		{94AA24D2-0168-4132-8A79-EA4BB785099A}.Release|Any CPU.ActiveCfg = Release|Any CPU
		{94AA24D2-0168-4132-8A79-EA4BB785099A}.Release|Any CPU.Build.0 = Release|Any CPU
		{94AA24D2-0168-4132-8A79-EA4BB785099A}.Release|Any CPU.Deploy.0 = Release|Any CPU
	EndGlobalSection
	GlobalSection(SolutionProperties) = preSolution
		HideSolutionNode = FALSE
	EndGlobalSection
	GlobalSection(ExtensibilityGlobals) = postSolution
		SolutionGuid = {825F677A-985D-4280-949F-83B52A4A4BED}
	EndGlobalSection
EndGlobal
